
Microsoft Visual Studio Solution File, Format Version 12.00
# Visual Studio Version 17
VisualStudioVersion = 17.4.33122.133
MinimumVisualStudioVersion = 10.0.40219.1
Project("{8BC9CEB8-8B4A-11D0-8D11-00A0C91BC942}") = "HCI_Project", "HCI_Project\HCI_Project.vcxproj", "{34B3708F-EF7F-4B70-A85E-110FA194D602}"
EndProject
Global
	GlobalSection(SolutionConfigurationPlatforms) = preSolution
		Debug|x64 = Debug|x64
		Release|x64 = Release|x64
	EndGlobalSection
	GlobalSection(ProjectConfigurationPlatforms) = postSolution
		{34B3708F-EF7F-4B70-A85E-110FA194D602}.Debug|x64.ActiveCfg = Debug|x64
		{34B3708F-EF7F-4B70-A85E-110FA194D602}.Debug|x64.Build.0 = Debug|x64
		{34B3708F-EF7F-4B70-A85E-110FA194D602}.Release|x64.ActiveCfg = Release|x64
		{34B3708F-EF7F-4B70-A85E-110FA194D602}.Release|x64.Build.0 = Release|x64
	EndGlobalSection
	GlobalSection(SolutionProperties) = preSolution
		HideSolutionNode = FALSE
	EndGlobalSection
	GlobalSection(ExtensibilityGlobals) = postSolution
		SolutionGuid = {89A54565-6816-440C-8105-62750281E251}
	EndGlobalSection
EndGlobal
